
Microsoft Visual Studio Solution File, Format Version 12.00
# Visual Studio Version 16
VisualStudioVersion = 16.0.30330.147
MinimumVisualStudioVersion = 10.0.40219.1
Project("{FAE04EC0-301F-11D3-BF4B-00C04F79EFBC}") = "George_Malandris_assignment_4", "George_Malandris_assignment_4\George_Malandris_assignment_4.csproj", "{1C445504-7EFC-4851-94EA-46E60BA4E794}"
EndProject
Global
	GlobalSection(SolutionConfigurationPlatforms) = preSolution
		Debug|Any CPU = Debug|Any CPU
		Release|Any CPU = Release|Any CPU
	EndGlobalSection
	GlobalSection(ProjectConfigurationPlatforms) = postSolution
		{1C445504-7EFC-4851-94EA-46E60BA4E794}.Debug|Any CPU.ActiveCfg = Debug|Any CPU
		{1C445504-7EFC-4851-94EA-46E60BA4E794}.Debug|Any CPU.Build.0 = Debug|Any CPU
		{1C445504-7EFC-4851-94EA-46E60BA4E794}.Release|Any CPU.ActiveCfg = Release|Any CPU
		{1C445504-7EFC-4851-94EA-46E60BA4E794}.Release|Any CPU.Build.0 = Release|Any CPU
	EndGlobalSection
	GlobalSection(SolutionProperties) = preSolution
		HideSolutionNode = FALSE
	EndGlobalSection
	GlobalSection(ExtensibilityGlobals) = postSolution
		SolutionGuid = {82FD7D49-D234-4922-9C54-AB13D77E4D42}
	EndGlobalSection
EndGlobal
